{
  "lockfile_version": "1",
  "packages": {
    "bun@1.2.16": {
      "last_modified": "2025-06-14T12:19:57Z",
      "resolved": "github:NixOS/nixpkgs/41da1e3ea8e23e094e5e3eeb1e6b830468a7399e#bun",
      "source": "devbox-search",
      "version": "1.2.16",
      "systems": {
        "aarch64-darwin": {
          "outputs": [
            {
              "name": "out",
              "path": "/nix/store/ncnhfzr4kczfnvbqdx1k0sqpxpynpbqm-bun-1.2.16",
              "default": true
            }
          ],
          "store_path": "/nix/store/ncnhfzr4kczfnvbqdx1k0sqpxpynpbqm-bun-1.2.16"
        },
        "aarch64-linux": {
          "outputs": [
            {
              "name": "out",
              "path": "/nix/store/dd4hylz29yw2g5q7qggiq4bvp1152gpw-bun-1.2.16",
              "default": true
            }
          ],
          "store_path": "/nix/store/dd4hylz29yw2g5q7qggiq4bvp1152gpw-bun-1.2.16"
        },
        "x86_64-darwin": {
          "outputs": [
            {
              "name": "out",
              "path": "/nix/store/bp4v5xd859hccnwz1g7nzbppqwc344kz-bun-1.2.16",
              "default": true
            }
          ],
          "store_path": "/nix/store/bp4v5xd859hccnwz1g7nzbppqwc344kz-bun-1.2.16"
        },
        "x86_64-linux": {
          "outputs": [
            {
              "name": "out",
              "path": "/nix/store/2cfh8ykw70k611aw0z0v6chvfn6yjkbx-bun-1.2.16",
              "default": true
            }
          ],
          "store_path": "/nix/store/2cfh8ykw70k611aw0z0v6chvfn6yjkbx-bun-1.2.16"
        }
      }
    },
    "github:NixOS/nixpkgs/nixpkgs-unstable": {
      "last_modified": "2025-06-11T05:21:29Z",
      "resolved": "github:NixOS/nixpkgs/f72be405a10668b8b00937b452f2145244103ebc?lastModified=1749619289&narHash=sha256-qX6gXVjaCXXbcn6A9eSLUf8Fm07MgPGe5ir3%2B%2By2O1Q%3D"
    }
  }
}
